
Microsoft Visual Studio Solution File, Format Version 12.00
# Visual Studio 15
VisualStudioVersion = 15.0.28307.572
MinimumVisualStudioVersion = 10.0.40219.1
Project("{FAE04EC0-301F-11D3-BF4B-00C04F79EFBC}") = "API_RESTful", "API_RESTful\API_RESTful.csproj", "{9592D82A-FF2C-4CA8-A8F3-96643F935E79}"
EndProject
Global
	GlobalSection(SolutionConfigurationPlatforms) = preSolution
		Debug|Any CPU = Debug|Any CPU
		Release|Any CPU = Release|Any CPU
	EndGlobalSection
	GlobalSection(ProjectConfigurationPlatforms) = postSolution
		{9592D82A-FF2C-4CA8-A8F3-96643F935E79}.Debug|Any CPU.ActiveCfg = Debug|Any CPU
		{9592D82A-FF2C-4CA8-A8F3-96643F935E79}.Debug|Any CPU.Build.0 = Debug|Any CPU
		{9592D82A-FF2C-4CA8-A8F3-96643F935E79}.Release|Any CPU.ActiveCfg = Release|Any CPU
		{9592D82A-FF2C-4CA8-A8F3-96643F935E79}.Release|Any CPU.Build.0 = Release|Any CPU
	EndGlobalSection
	GlobalSection(SolutionProperties) = preSolution
		HideSolutionNode = FALSE
	EndGlobalSection
	GlobalSection(ExtensibilityGlobals) = postSolution
		SolutionGuid = {BEB45F7D-F4DC-49FA-8679-9AF493E430EE}
	EndGlobalSection
EndGlobal
